
Microsoft Visual Studio Solution File, Format Version 12.00
# Visual Studio Version 16
VisualStudioVersion = 16.0.31729.503
MinimumVisualStudioVersion = 10.0.40219.1
Project("{FAE04EC0-301F-11D3-BF4B-00C04F79EFBC}") = "prjWinCsOrderAccessoriesApp", "prjWinCsOrderAccessoriesApp\prjWinCsOrderAccessoriesApp.csproj", "{A8FC485B-F876-43B4-ACA4-12E0768B32D8}"
EndProject
Global
	GlobalSection(SolutionConfigurationPlatforms) = preSolution
		Debug|Any CPU = Debug|Any CPU
		Release|Any CPU = Release|Any CPU
	EndGlobalSection
	GlobalSection(ProjectConfigurationPlatforms) = postSolution
		{A8FC485B-F876-43B4-ACA4-12E0768B32D8}.Debug|Any CPU.ActiveCfg = Debug|Any CPU
		{A8FC485B-F876-43B4-ACA4-12E0768B32D8}.Debug|Any CPU.Build.0 = Debug|Any CPU
		{A8FC485B-F876-43B4-ACA4-12E0768B32D8}.Release|Any CPU.ActiveCfg = Release|Any CPU
		{A8FC485B-F876-43B4-ACA4-12E0768B32D8}.Release|Any CPU.Build.0 = Release|Any CPU
	EndGlobalSection
	GlobalSection(SolutionProperties) = preSolution
		HideSolutionNode = FALSE
	EndGlobalSection
	GlobalSection(ExtensibilityGlobals) = postSolution
		SolutionGuid = {1BEA13E3-A632-4D4D-9170-25A1D853DF6E}
	EndGlobalSection
EndGlobal
